
Microsoft Visual Studio Solution File, Format Version 12.00
# Visual Studio Version 17
VisualStudioVersion = 17.0.31919.166
MinimumVisualStudioVersion = 10.0.40219.1
Project("{9A19103F-16F7-4668-BE54-9A1E7A4F7556}") = "BulkyBook", "BulkyBook.csproj", "{07AD9BC5-DEED-46BE-8F1C-A3B9E126E841}"
EndProject
Global
	GlobalSection(SolutionConfigurationPlatforms) = preSolution
		Debug|Any CPU = Debug|Any CPU
		Release|Any CPU = Release|Any CPU
	EndGlobalSection
	GlobalSection(ProjectConfigurationPlatforms) = postSolution
		{07AD9BC5-DEED-46BE-8F1C-A3B9E126E841}.Debug|Any CPU.ActiveCfg = Debug|Any CPU
		{07AD9BC5-DEED-46BE-8F1C-A3B9E126E841}.Debug|Any CPU.Build.0 = Debug|Any CPU
		{07AD9BC5-DEED-46BE-8F1C-A3B9E126E841}.Release|Any CPU.ActiveCfg = Release|Any CPU
		{07AD9BC5-DEED-46BE-8F1C-A3B9E126E841}.Release|Any CPU.Build.0 = Release|Any CPU
	EndGlobalSection
	GlobalSection(SolutionProperties) = preSolution
		HideSolutionNode = FALSE
	EndGlobalSection
	GlobalSection(ExtensibilityGlobals) = postSolution
		SolutionGuid = {40BE9867-EB5B-47A7-98F0-59A72CE4FF62}
	EndGlobalSection
EndGlobal
